
Microsoft Visual Studio Solution File, Format Version 12.00
# Visual Studio 14
VisualStudioVersion = 14.0.25420.1
MinimumVisualStudioVersion = 10.0.40219.1
Project("{E24C65DC-7377-472B-9ABA-BC803B73C61A}") = "ChinookWeb", "ChinookWeb\", "{AD0B062D-B864-4C94-A9D8-ED12AB8C690E}"
	ProjectSection(WebsiteProperties) = preProject
		TargetFrameworkMoniker = ".NETFramework,Version%3Dv4.5.2"
		ProjectReferences = "{8fe7ace2-7005-40f0-a4e7-a5082f3890bd}|ChinookSystem.Data.dll;{112f190d-1329-49a0-9f2e-6bd6d6ba3b7e}|ChinookSystem.dll;"
		Debug.AspNetCompiler.VirtualPath = "/localhost_49656"
		Debug.AspNetCompiler.PhysicalPath = "ChinookWeb\"
		Debug.AspNetCompiler.TargetPath = "PrecompiledWeb\localhost_49656\"
		Debug.AspNetCompiler.Updateable = "true"
		Debug.AspNetCompiler.ForceOverwrite = "true"
		Debug.AspNetCompiler.FixedNames = "false"
		Debug.AspNetCompiler.Debug = "True"
		Release.AspNetCompiler.VirtualPath = "/localhost_49656"
		Release.AspNetCompiler.PhysicalPath = "ChinookWeb\"
		Release.AspNetCompiler.TargetPath = "PrecompiledWeb\localhost_49656\"
		Release.AspNetCompiler.Updateable = "true"
		Release.AspNetCompiler.ForceOverwrite = "true"
		Release.AspNetCompiler.FixedNames = "false"
		Release.AspNetCompiler.Debug = "False"
		VWDPort = "49656"
		SlnRelativePath = "ChinookWeb\"
		DefaultWebSiteLanguage = "Visual C#"
	EndProjectSection
EndProject
Project("{FAE04EC0-301F-11D3-BF4B-00C04F79EFBC}") = "ChinookSystem", "ChinookSystem\ChinookSystem.csproj", "{112F190D-1329-49A0-9F2E-6BD6D6BA3B7E}"
EndProject
Project("{FAE04EC0-301F-11D3-BF4B-00C04F79EFBC}") = "ChinookSystem.Data", "ChinookSystem.Data\ChinookSystem.Data.csproj", "{8FE7ACE2-7005-40F0-A4E7-A5082F3890BD}"
EndProject
Global
	GlobalSection(SolutionConfigurationPlatforms) = preSolution
		Debug|Any CPU = Debug|Any CPU
		Release|Any CPU = Release|Any CPU
	EndGlobalSection
	GlobalSection(ProjectConfigurationPlatforms) = postSolution
		{AD0B062D-B864-4C94-A9D8-ED12AB8C690E}.Debug|Any CPU.ActiveCfg = Debug|Any CPU
		{AD0B062D-B864-4C94-A9D8-ED12AB8C690E}.Debug|Any CPU.Build.0 = Debug|Any CPU
		{AD0B062D-B864-4C94-A9D8-ED12AB8C690E}.Release|Any CPU.ActiveCfg = Debug|Any CPU
		{AD0B062D-B864-4C94-A9D8-ED12AB8C690E}.Release|Any CPU.Build.0 = Debug|Any CPU
		{112F190D-1329-49A0-9F2E-6BD6D6BA3B7E}.Debug|Any CPU.ActiveCfg = Debug|Any CPU
		{112F190D-1329-49A0-9F2E-6BD6D6BA3B7E}.Debug|Any CPU.Build.0 = Debug|Any CPU
		{112F190D-1329-49A0-9F2E-6BD6D6BA3B7E}.Release|Any CPU.ActiveCfg = Release|Any CPU
		{112F190D-1329-49A0-9F2E-6BD6D6BA3B7E}.Release|Any CPU.Build.0 = Release|Any CPU
		{8FE7ACE2-7005-40F0-A4E7-A5082F3890BD}.Debug|Any CPU.ActiveCfg = Debug|Any CPU
		{8FE7ACE2-7005-40F0-A4E7-A5082F3890BD}.Debug|Any CPU.Build.0 = Debug|Any CPU
		{8FE7ACE2-7005-40F0-A4E7-A5082F3890BD}.Release|Any CPU.ActiveCfg = Release|Any CPU
		{8FE7ACE2-7005-40F0-A4E7-A5082F3890BD}.Release|Any CPU.Build.0 = Release|Any CPU
	EndGlobalSection
	GlobalSection(SolutionProperties) = preSolution
		HideSolutionNode = FALSE
	EndGlobalSection
EndGlobal
